
Microsoft Visual Studio Solution File, Format Version 12.00
# Visual Studio Version 17
VisualStudioVersion = 17.10.35027.167
MinimumVisualStudioVersion = 10.0.40219.1
Project("{9A19103F-16F7-4668-BE54-9A1E7A4F7556}") = "Telani.SourceGenerator", "src\Telani.SourceGenerator.csproj", "{33E3A670-90AF-471A-AD77-9917082321FB}"
EndProject
Project("{FAE04EC0-301F-11D3-BF4B-00C04F79EFBC}") = "DemoApp", "DemoApp\DemoApp.csproj", "{2B618488-0176-40E0-9EBF-0A7F114EE7F9}"
EndProject
Global
	GlobalSection(SolutionConfigurationPlatforms) = preSolution
		Debug|Any CPU = Debug|Any CPU
		Release|Any CPU = Release|Any CPU
	EndGlobalSection
	GlobalSection(ProjectConfigurationPlatforms) = postSolution
		{33E3A670-90AF-471A-AD77-9917082321FB}.Debug|Any CPU.ActiveCfg = Debug|Any CPU
		{33E3A670-90AF-471A-AD77-9917082321FB}.Debug|Any CPU.Build.0 = Debug|Any CPU
		{33E3A670-90AF-471A-AD77-9917082321FB}.Release|Any CPU.ActiveCfg = Release|Any CPU
		{33E3A670-90AF-471A-AD77-9917082321FB}.Release|Any CPU.Build.0 = Release|Any CPU
		{2B618488-0176-40E0-9EBF-0A7F114EE7F9}.Debug|Any CPU.ActiveCfg = Debug|Any CPU
		{2B618488-0176-40E0-9EBF-0A7F114EE7F9}.Debug|Any CPU.Build.0 = Debug|Any CPU
		{2B618488-0176-40E0-9EBF-0A7F114EE7F9}.Release|Any CPU.ActiveCfg = Release|Any CPU
		{2B618488-0176-40E0-9EBF-0A7F114EE7F9}.Release|Any CPU.Build.0 = Release|Any CPU
	EndGlobalSection
	GlobalSection(SolutionProperties) = preSolution
		HideSolutionNode = FALSE
	EndGlobalSection
	GlobalSection(ExtensibilityGlobals) = postSolution
		SolutionGuid = {D93025E5-A1A2-4EEA-8DA1-8C2C24AC09B3}
	EndGlobalSection
EndGlobal
